
Microsoft Visual Studio Solution File, Format Version 12.00
# Visual Studio Version 16
VisualStudioVersion = 16.0.31005.135
MinimumVisualStudioVersion = 10.0.40219.1
Project("{9A19103F-16F7-4668-BE54-9A1E7A4F7556}") = "StatTrack", "StatTrack.csproj", "{7AFB5F95-C2F7-4F22-BFD1-8F20FA125BBA}"
EndProject
Project("{9A19103F-16F7-4668-BE54-9A1E7A4F7556}") = "DataLibrary", "..\DataLibrary\DataLibrary.csproj", "{2138C4B6-9B1B-417E-8EAE-B2FCF3CA43C9}"
EndProject
Global
	GlobalSection(SolutionConfigurationPlatforms) = preSolution
		Debug|Any CPU = Debug|Any CPU
		Release|Any CPU = Release|Any CPU
	EndGlobalSection
	GlobalSection(ProjectConfigurationPlatforms) = postSolution
		{7AFB5F95-C2F7-4F22-BFD1-8F20FA125BBA}.Debug|Any CPU.ActiveCfg = Debug|Any CPU
		{7AFB5F95-C2F7-4F22-BFD1-8F20FA125BBA}.Debug|Any CPU.Build.0 = Debug|Any CPU
		{7AFB5F95-C2F7-4F22-BFD1-8F20FA125BBA}.Release|Any CPU.ActiveCfg = Release|Any CPU
		{7AFB5F95-C2F7-4F22-BFD1-8F20FA125BBA}.Release|Any CPU.Build.0 = Release|Any CPU
		{2138C4B6-9B1B-417E-8EAE-B2FCF3CA43C9}.Debug|Any CPU.ActiveCfg = Debug|Any CPU
		{2138C4B6-9B1B-417E-8EAE-B2FCF3CA43C9}.Debug|Any CPU.Build.0 = Debug|Any CPU
		{2138C4B6-9B1B-417E-8EAE-B2FCF3CA43C9}.Release|Any CPU.ActiveCfg = Release|Any CPU
		{2138C4B6-9B1B-417E-8EAE-B2FCF3CA43C9}.Release|Any CPU.Build.0 = Release|Any CPU
	EndGlobalSection
	GlobalSection(SolutionProperties) = preSolution
		HideSolutionNode = FALSE
	EndGlobalSection
	GlobalSection(ExtensibilityGlobals) = postSolution
		SolutionGuid = {2A5EE8D0-1D8C-454E-B8A7-80017529AD2C}
	EndGlobalSection
EndGlobal
